
Microsoft Visual Studio Solution File, Format Version 12.00
# Visual Studio 14
VisualStudioVersion = 14.0.25420.1
MinimumVisualStudioVersion = 10.0.40219.1
Project("{159641D6-6404-4A2A-AE62-294DE0FE8301}") = "SSIS_Custom_Audit_demo_10-20", "SSIS_Custom_Audit_demo_10-20\SSIS_Custom_Audit_demo_10-20.dtproj", "{903987F6-292D-4A57-9C8D-DDAC9FDB5C3B}"
EndProject
Global
	GlobalSection(SolutionConfigurationPlatforms) = preSolution
		Development|Default = Development|Default
	EndGlobalSection
	GlobalSection(ProjectConfigurationPlatforms) = postSolution
		{903987F6-292D-4A57-9C8D-DDAC9FDB5C3B}.Development|Default.ActiveCfg = Development
		{903987F6-292D-4A57-9C8D-DDAC9FDB5C3B}.Development|Default.Build.0 = Development
	EndGlobalSection
	GlobalSection(SolutionProperties) = preSolution
		HideSolutionNode = FALSE
	EndGlobalSection
EndGlobal
